
Microsoft Visual Studio Solution File, Format Version 12.00
# Visual Studio Version 17
VisualStudioVersion = 17.2.32616.157
MinimumVisualStudioVersion = 10.0.40219.1
Project("{FAE04EC0-301F-11D3-BF4B-00C04F79EFBC}") = "UC2wage", "UC2wage\UC2wage.csproj", "{048ADACE-18DB-4A1A-BAD2-ACD206641FBF}"
EndProject
Global
	GlobalSection(SolutionConfigurationPlatforms) = preSolution
		Debug|Any CPU = Debug|Any CPU
		Release|Any CPU = Release|Any CPU
	EndGlobalSection
	GlobalSection(ProjectConfigurationPlatforms) = postSolution
		{048ADACE-18DB-4A1A-BAD2-ACD206641FBF}.Debug|Any CPU.ActiveCfg = Debug|Any CPU
		{048ADACE-18DB-4A1A-BAD2-ACD206641FBF}.Debug|Any CPU.Build.0 = Debug|Any CPU
		{048ADACE-18DB-4A1A-BAD2-ACD206641FBF}.Release|Any CPU.ActiveCfg = Release|Any CPU
		{048ADACE-18DB-4A1A-BAD2-ACD206641FBF}.Release|Any CPU.Build.0 = Release|Any CPU
	EndGlobalSection
	GlobalSection(SolutionProperties) = preSolution
		HideSolutionNode = FALSE
	EndGlobalSection
	GlobalSection(ExtensibilityGlobals) = postSolution
		SolutionGuid = {0F02984C-1E60-4CEF-BED8-DC510176C197}
	EndGlobalSection
EndGlobal
