
Microsoft Visual Studio Solution File, Format Version 12.00
# Visual Studio Version 17
VisualStudioVersion = 17.2.32616.157
MinimumVisualStudioVersion = 10.0.40219.1
Project("{FAE04EC0-301F-11D3-BF4B-00C04F79EFBC}") = "UC5wageformonth", "UC5wageformonth\UC5wageformonth.csproj", "{1D2DD5FF-6D24-4BB1-9462-CCE042F40A26}"
EndProject
Global
	GlobalSection(SolutionConfigurationPlatforms) = preSolution
		Debug|Any CPU = Debug|Any CPU
		Release|Any CPU = Release|Any CPU
	EndGlobalSection
	GlobalSection(ProjectConfigurationPlatforms) = postSolution
		{1D2DD5FF-6D24-4BB1-9462-CCE042F40A26}.Debug|Any CPU.ActiveCfg = Debug|Any CPU
		{1D2DD5FF-6D24-4BB1-9462-CCE042F40A26}.Debug|Any CPU.Build.0 = Debug|Any CPU
		{1D2DD5FF-6D24-4BB1-9462-CCE042F40A26}.Release|Any CPU.ActiveCfg = Release|Any CPU
		{1D2DD5FF-6D24-4BB1-9462-CCE042F40A26}.Release|Any CPU.Build.0 = Release|Any CPU
	EndGlobalSection
	GlobalSection(SolutionProperties) = preSolution
		HideSolutionNode = FALSE
	EndGlobalSection
	GlobalSection(ExtensibilityGlobals) = postSolution
		SolutionGuid = {38DCAFBD-2C89-41B2-8FF0-3466C3DC44BF}
	EndGlobalSection
EndGlobal
